
Microsoft Visual Studio Solution File, Format Version 12.00
# Visual Studio Version 17
VisualStudioVersion = 17.7.34031.279
MinimumVisualStudioVersion = 10.0.40219.1
Project("{FAE04EC0-301F-11D3-BF4B-00C04F79EFBC}") = "mercadoPagoTeste", "mercadoPagoTeste.csproj", "{16745F52-1D30-4148-A84C-C9EAA642B524}"
EndProject
Global
	GlobalSection(SolutionConfigurationPlatforms) = preSolution
		Debug|Any CPU = Debug|Any CPU
		Release|Any CPU = Release|Any CPU
	EndGlobalSection
	GlobalSection(ProjectConfigurationPlatforms) = postSolution
		{16745F52-1D30-4148-A84C-C9EAA642B524}.Debug|Any CPU.ActiveCfg = Debug|Any CPU
		{16745F52-1D30-4148-A84C-C9EAA642B524}.Debug|Any CPU.Build.0 = Debug|Any CPU
		{16745F52-1D30-4148-A84C-C9EAA642B524}.Release|Any CPU.ActiveCfg = Release|Any CPU
		{16745F52-1D30-4148-A84C-C9EAA642B524}.Release|Any CPU.Build.0 = Release|Any CPU
	EndGlobalSection
	GlobalSection(SolutionProperties) = preSolution
		HideSolutionNode = FALSE
	EndGlobalSection
	GlobalSection(ExtensibilityGlobals) = postSolution
		SolutionGuid = {7E47F1C7-5E0D-4DD7-B3EA-0B89B7E807C7}
	EndGlobalSection
EndGlobal
